
Microsoft Visual Studio Solution File, Format Version 12.00
# Visual Studio Version 17
VisualStudioVersion = 17.9.34622.214
MinimumVisualStudioVersion = 10.0.40219.1
Project("{FAE04EC0-301F-11D3-BF4B-00C04F79EFBC}") = "AndroidApp1", "AndroidApp1.csproj", "{A14156FB-039A-4940-9033-4B7A96A1DF2E}"
EndProject
Global
	GlobalSection(SolutionConfigurationPlatforms) = preSolution
		Debug|Any CPU = Debug|Any CPU
		Release|Any CPU = Release|Any CPU
	EndGlobalSection
	GlobalSection(ProjectConfigurationPlatforms) = postSolution
		{A14156FB-039A-4940-9033-4B7A96A1DF2E}.Debug|Any CPU.ActiveCfg = Debug|Any CPU
		{A14156FB-039A-4940-9033-4B7A96A1DF2E}.Debug|Any CPU.Build.0 = Debug|Any CPU
		{A14156FB-039A-4940-9033-4B7A96A1DF2E}.Debug|Any CPU.Deploy.0 = Debug|Any CPU
		{A14156FB-039A-4940-9033-4B7A96A1DF2E}.Release|Any CPU.ActiveCfg = Release|Any CPU
		{A14156FB-039A-4940-9033-4B7A96A1DF2E}.Release|Any CPU.Build.0 = Release|Any CPU
		{A14156FB-039A-4940-9033-4B7A96A1DF2E}.Release|Any CPU.Deploy.0 = Release|Any CPU
	EndGlobalSection
	GlobalSection(SolutionProperties) = preSolution
		HideSolutionNode = FALSE
	EndGlobalSection
	GlobalSection(ExtensibilityGlobals) = postSolution
		SolutionGuid = {4D3ADDCC-F948-4F5F-9204-431139EFC821}
	EndGlobalSection
EndGlobal
